// !$*UTF8*$!
{
	archiveVersion = 1;
	classes = {
	};
	objectVersion = 50;
	objects = {

/* Begin PBXBuildFile section */
		B37EE56025FC03C500C79013 /* AppDelegate.swift in Sources */ = {isa = PBXBuildFile; fileRef = B37EE55F25FC03C500C79013 /* AppDelegate.swift */; };
		B37EE56225FC03C500C79013 /* SceneDelegate.swift in Sources */ = {isa = PBXBuildFile; fileRef = B37EE56125FC03C500C79013 /* SceneDelegate.swift */; };
		B37EE56425FC03C500C79013 /* LoginViewController.swift in Sources */ = {isa = PBXBuildFile; fileRef = B37EE56325FC03C500C79013 /* LoginViewController.swift */; };
		B37EE56725FC03C500C79013 /* Main.storyboard in Resources */ = {isa = PBXBuildFile; fileRef = B37EE56525FC03C500C79013 /* Main.storyboard */; };
		B37EE56925FC03C900C79013 /* Assets.xcassets in Resources */ = {isa = PBXBuildFile; fileRef = B37EE56825FC03C900C79013 /* Assets.xcassets */; };
		B37EE56C25FC03C900C79013 /* LaunchScreen.storyboard in Resources */ = {isa = PBXBuildFile; fileRef = B37EE56A25FC03C900C79013 /* LaunchScreen.storyboard */; };
		B37EE57D25FC1F2800C79013 /* LoginRequest.swift in Sources */ = {isa = PBXBuildFile; fileRef = B37EE57C25FC1F2800C79013 /* LoginRequest.swift */; };
		B37EE58125FC20FF00C79013 /* UdacityResponse.swift in Sources */ = {isa = PBXBuildFile; fileRef = B37EE58025FC20FF00C79013 /* UdacityResponse.swift */; };
		B37EE58425FC241200C79013 /* UdacityClient.swift in Sources */ = {isa = PBXBuildFile; fileRef = B37EE58325FC241200C79013 /* UdacityClient.swift */; };
		B37EE58A25FC57E900C79013 /* StudentLocation.swift in Sources */ = {isa = PBXBuildFile; fileRef = B37EE58925FC57E900C79013 /* StudentLocation.swift */; };
		B37EE58D25FCE23900C79013 /* MapViewController.swift in Sources */ = {isa = PBXBuildFile; fileRef = B37EE58C25FCE23900C79013 /* MapViewController.swift */; };
		B37EE59125FCE64D00C79013 /* StudentModel.swift in Sources */ = {isa = PBXBuildFile; fileRef = B37EE59025FCE64D00C79013 /* StudentModel.swift */; };
		B37EE59725FD204300C79013 /* ListTableViewController.swift in Sources */ = {isa = PBXBuildFile; fileRef = B37EE59625FD204300C79013 /* ListTableViewController.swift */; };
/* End PBXBuildFile section */

/* Begin PBXFileReference section */
		B37EE55C25FC03C500C79013 /* On The Map.app */ = {isa = PBXFileReference; explicitFileType = wrapper.application; includeInIndex = 0; path = "On The Map.app"; sourceTree = BUILT_PRODUCTS_DIR; };
		B37EE55F25FC03C500C79013 /* AppDelegate.swift */ = {isa = PBXFileReference; lastKnownFileType = sourcecode.swift; path = AppDelegate.swift; sourceTree = "<group>"; };
		B37EE56125FC03C500C79013 /* SceneDelegate.swift */ = {isa = PBXFileReference; lastKnownFileType = sourcecode.swift; path = SceneDelegate.swift; sourceTree = "<group>"; };
		B37EE56325FC03C500C79013 /* LoginViewController.swift */ = {isa = PBXFileReference; lastKnownFileType = sourcecode.swift; path = LoginViewController.swift; sourceTree = "<group>"; };
		B37EE56625FC03C500C79013 /* Base */ = {isa = PBXFileReference; lastKnownFileType = file.storyboard; name = Base; path = Base.lproj/Main.storyboard; sourceTree = "<group>"; };
		B37EE56825FC03C900C79013 /* Assets.xcassets */ = {isa = PBXFileReference; lastKnownFileType = folder.assetcatalog; path = Assets.xcassets; sourceTree = "<group>"; };
		B37EE56B25FC03C900C79013 /* Base */ = {isa = PBXFileReference; lastKnownFileType = file.storyboard; name = Base; path = Base.lproj/LaunchScreen.storyboard; sourceTree = "<group>"; };
		B37EE56D25FC03C900C79013 /* Info.plist */ = {isa = PBXFileReference; lastKnownFileType = text.plist.xml; path = Info.plist; sourceTree = "<group>"; };
		B37EE57C25FC1F2800C79013 /* LoginRequest.swift */ = {isa = PBXFileReference; lastKnownFileType = sourcecode.swift; path = LoginRequest.swift; sourceTree = "<group>"; };
		B37EE58025FC20FF00C79013 /* UdacityResponse.swift */ = {isa = PBXFileReference; lastKnownFileType = sourcecode.swift; path = UdacityResponse.swift; sourceTree = "<group>"; };
		B37EE58325FC241200C79013 /* UdacityClient.swift */ = {isa = PBXFileReference; lastKnownFileType = sourcecode.swift; path = UdacityClient.swift; sourceTree = "<group>"; };
		B37EE58925FC57E900C79013 /* StudentLocation.swift */ = {isa = PBXFileReference; lastKnownFileType = sourcecode.swift; path = StudentLocation.swift; sourceTree = "<group>"; };
		B37EE58C25FCE23900C79013 /* MapViewController.swift */ = {isa = PBXFileReference; lastKnownFileType = sourcecode.swift; path = MapViewController.swift; sourceTree = "<group>"; };
		B37EE59025FCE64D00C79013 /* StudentModel.swift */ = {isa = PBXFileReference; lastKnownFileType = sourcecode.swift; path = StudentModel.swift; sourceTree = "<group>"; };
		B37EE59625FD204300C79013 /* ListTableViewController.swift */ = {isa = PBXFileReference; lastKnownFileType = sourcecode.swift; path = ListTableViewController.swift; sourceTree = "<group>"; };
/* End PBXFileReference section */

/* Begin PBXFrameworksBuildPhase section */
		B37EE55925FC03C400C79013 /* Frameworks */ = {
			isa = PBXFrameworksBuildPhase;
			buildActionMask = 2147483647;
			files = (
			);
			runOnlyForDeploymentPostprocessing = 0;
		};
/* End PBXFrameworksBuildPhase section */

/* Begin PBXGroup section */
		B37EE55325FC03C400C79013 = {
			isa = PBXGroup;
			children = (
				B37EE55E25FC03C500C79013 /* On The Map */,
				B37EE55D25FC03C500C79013 /* Products */,
			);
			sourceTree = "<group>";
		};
		B37EE55D25FC03C500C79013 /* Products */ = {
			isa = PBXGroup;
			children = (
				B37EE55C25FC03C500C79013 /* On The Map.app */,
			);
			name = Products;
			sourceTree = "<group>";
		};
		B37EE55E25FC03C500C79013 /* On The Map */ = {
			isa = PBXGroup;
			children = (
				B37EE55F25FC03C500C79013 /* AppDelegate.swift */,
				B37EE56D25FC03C900C79013 /* Info.plist */,
				B37EE57725FC17C200C79013 /* Model */,
				B37EE57525FC177100C79013 /* View */,
				B37EE57625FC179300C79013 /* Controller */,
			);
			path = "On The Map";
			sourceTree = "<group>";
		};
		B37EE57525FC177100C79013 /* View */ = {
			isa = PBXGroup;
			children = (
				B37EE56525FC03C500C79013 /* Main.storyboard */,
				B37EE56825FC03C900C79013 /* Assets.xcassets */,
				B37EE56A25FC03C900C79013 /* LaunchScreen.storyboard */,
			);
			path = View;
			sourceTree = "<group>";
		};
		B37EE57625FC179300C79013 /* Controller */ = {
			isa = PBXGroup;
			children = (
				B37EE56125FC03C500C79013 /* SceneDelegate.swift */,
				B37EE56325FC03C500C79013 /* LoginViewController.swift */,
				B37EE58C25FCE23900C79013 /* MapViewController.swift */,
				B37EE59625FD204300C79013 /* ListTableViewController.swift */,
			);
			path = Controller;
			sourceTree = "<group>";
		};
		B37EE57725FC17C200C79013 /* Model */ = {
			isa = PBXGroup;
			children = (
				B37EE58F25FCE63900C79013 /* Data */,
				B37EE57C25FC1F2800C79013 /* LoginRequest.swift */,
				B37EE58025FC20FF00C79013 /* UdacityResponse.swift */,
				B37EE58325FC241200C79013 /* UdacityClient.swift */,
				B37EE58925FC57E900C79013 /* StudentLocation.swift */,
			);
			path = Model;
			sourceTree = "<group>";
		};
		B37EE58F25FCE63900C79013 /* Data */ = {
			isa = PBXGroup;
			children = (
				B37EE59025FCE64D00C79013 /* StudentModel.swift */,
			);
			path = Data;
			sourceTree = "<group>";
		};
/* End PBXGroup section */

/* Begin PBXNativeTarget section */
		B37EE55B25FC03C400C79013 /* On The Map */ = {
			isa = PBXNativeTarget;
			buildConfigurationList = B37EE57025FC03C900C79013 /* Build configuration list for PBXNativeTarget "On The Map" */;
			buildPhases = (
				B37EE55825FC03C400C79013 /* Sources */,
				B37EE55925FC03C400C79013 /* Frameworks */,
				B37EE55A25FC03C400C79013 /* Resources */,
			);
			buildRules = (
			);
			dependencies = (
			);
			name = "On The Map";
			productName = "On The Map";
			productReference = B37EE55C25FC03C500C79013 /* On The Map.app */;
			productType = "com.apple.product-type.application";
		};
/* End PBXNativeTarget section */

/* Begin PBXProject section */
		B37EE55425FC03C400C79013 /* Project object */ = {
			isa = PBXProject;
			attributes = {
				LastSwiftUpdateCheck = 1240;
				LastUpgradeCheck = 1240;
				TargetAttributes = {
					B37EE55B25FC03C400C79013 = {
						CreatedOnToolsVersion = 12.4;
					};
				};
			};
			buildConfigurationList = B37EE55725FC03C400C79013 /* Build configuration list for PBXProject "On The Map" */;
			compatibilityVersion = "Xcode 9.3";
			developmentRegion = en;
			hasScannedForEncodings = 0;
			knownRegions = (
				en,
				Base,
			);
			mainGroup = B37EE55325FC03C400C79013;
			productRefGroup = B37EE55D25FC03C500C79013 /* Products */;
			projectDirPath = "";
			projectRoot = "";
			targets = (
				B37EE55B25FC03C400C79013 /* On The Map */,
			);
		};
/* End PBXProject section */

/* Begin PBXResourcesBuildPhase section */
		B37EE55A25FC03C400C79013 /* Resources */ = {
			isa = PBXResourcesBuildPhase;
			buildActionMask = 2147483647;
			files = (
				B37EE56C25FC03C900C79013 /* LaunchScreen.storyboard in Resources */,
				B37EE56925FC03C900C79013 /* Assets.xcassets in Resources */,
				B37EE56725FC03C500C79013 /* Main.storyboard in Resources */,
			);
			runOnlyForDeploymentPostprocessing = 0;
		};
/* End PBXResourcesBuildPhase section */

/* Begin PBXSourcesBuildPhase section */
		B37EE55825FC03C400C79013 /* Sources */ = {
			isa = PBXSourcesBuildPhase;
			buildActionMask = 2147483647;
			files = (
				B37EE56425FC03C500C79013 /* LoginViewController.swift in Sources */,
				B37EE59125FCE64D00C79013 /* StudentModel.swift in Sources */,
				B37EE56025FC03C500C79013 /* AppDelegate.swift in Sources */,
				B37EE59725FD204300C79013 /* ListTableViewController.swift in Sources */,
				B37EE58A25FC57E900C79013 /* StudentLocation.swift in Sources */,
				B37EE58425FC241200C79013 /* UdacityClient.swift in Sources */,
				B37EE56225FC03C500C79013 /* SceneDelegate.swift in Sources */,
				B37EE57D25FC1F2800C79013 /* LoginRequest.swift in Sources */,
				B37EE58125FC20FF00C79013 /* UdacityResponse.swift in Sources */,
				B37EE58D25FCE23900C79013 /* MapViewController.swift in Sources */,
			);
			runOnlyForDeploymentPostprocessing = 0;
		};
/* End PBXSourcesBuildPhase section */

/* Begin PBXVariantGroup section */
		B37EE56525FC03C500C79013 /* Main.storyboard */ = {
			isa = PBXVariantGroup;
			children = (
				B37EE56625FC03C500C79013 /* Base */,
			);
			name = Main.storyboard;
			sourceTree = "<group>";
		};
		B37EE56A25FC03C900C79013 /* LaunchScreen.storyboard */ = {
			isa = PBXVariantGroup;
			children = (
				B37EE56B25FC03C900C79013 /* Base */,
			);
			name = LaunchScreen.storyboard;
			sourceTree = "<group>";
		};
/* End PBXVariantGroup section */

/* Begin XCBuildConfiguration section */
		B37EE56E25FC03C900C79013 /* Debug */ = {
			isa = XCBuildConfiguration;
			buildSettings = {
				ALWAYS_SEARCH_USER_PATHS = NO;
				CLANG_ANALYZER_NONNULL = YES;
				CLANG_ANALYZER_NUMBER_OBJECT_CONVERSION = YES_AGGRESSIVE;
				CLANG_CXX_LANGUAGE_STANDARD = "gnu++14";
				CLANG_CXX_LIBRARY = "libc++";
				CLANG_ENABLE_MODULES = YES;
				CLANG_ENABLE_OBJC_ARC = YES;
				CLANG_ENABLE_OBJC_WEAK = YES;
				CLANG_WARN_BLOCK_CAPTURE_AUTORELEASING = YES;
				CLANG_WARN_BOOL_CONVERSION = YES;
				CLANG_WARN_COMMA = YES;
				CLANG_WARN_CONSTANT_CONVERSION = YES;
				CLANG_WARN_DEPRECATED_OBJC_IMPLEMENTATIONS = YES;
				CLANG_WARN_DIRECT_OBJC_ISA_USAGE = YES_ERROR;
				CLANG_WARN_DOCUMENTATION_COMMENTS = YES;
				CLANG_WARN_EMPTY_BODY = YES;
				CLANG_WARN_ENUM_CONVERSION = YES;
				CLANG_WARN_INFINITE_RECURSION = YES;
				CLANG_WARN_INT_CONVERSION = YES;
				CLANG_WARN_NON_LITERAL_NULL_CONVERSION = YES;
				CLANG_WARN_OBJC_IMPLICIT_RETAIN_SELF = YES;
				CLANG_WARN_OBJC_LITERAL_CONVERSION = YES;
				CLANG_WARN_OBJC_ROOT_CLASS = YES_ERROR;
				CLANG_WARN_QUOTED_INCLUDE_IN_FRAMEWORK_HEADER = YES;
				CLANG_WARN_RANGE_LOOP_ANALYSIS = YES;
				CLANG_WARN_STRICT_PROTOTYPES = YES;
				CLANG_WARN_SUSPICIOUS_MOVE = YES;
				CLANG_WARN_UNGUARDED_AVAILABILITY = YES_AGGRESSIVE;
				CLANG_WARN_UNREACHABLE_CODE = YES;
				CLANG_WARN__DUPLICATE_METHOD_MATCH = YES;
				COPY_PHASE_STRIP = NO;
				DEBUG_INFORMATION_FORMAT = dwarf;
				ENABLE_STRICT_OBJC_MSGSEND = YES;
				ENABLE_TESTABILITY = YES;
				GCC_C_LANGUAGE_STANDARD = gnu11;
				GCC_DYNAMIC_NO_PIC = NO;
				GCC_NO_COMMON_BLOCKS = YES;
				GCC_OPTIMIZATION_LEVEL = 0;
				GCC_PREPROCESSOR_DEFINITIONS = (
					"DEBUG=1",
					"$(inherited)",
				);
				GCC_WARN_64_TO_32_BIT_CONVERSION = YES;
				GCC_WARN_ABOUT_RETURN_TYPE = YES_ERROR;
				GCC_WARN_UNDECLARED_SELECTOR = YES;
				GCC_WARN_UNINITIALIZED_AUTOS = YES_AGGRESSIVE;
				GCC_WARN_UNUSED_FUNCTION = YES;
				GCC_WARN_UNUSED_VARIABLE = YES;
				IPHONEOS_DEPLOYMENT_TARGET = 14.4;
				MTL_ENABLE_DEBUG_INFO = INCLUDE_SOURCE;
				MTL_FAST_MATH = YES;
				ONLY_ACTIVE_ARCH = YES;
				SDKROOT = iphoneos;
				SWIFT_ACTIVE_COMPILATION_CONDITIONS = DEBUG;
				SWIFT_OPTIMIZATION_LEVEL = "-Onone";
			};
			name = Debug;
		};
		B37EE56F25FC03C900C79013 /* Release */ = {
			isa = XCBuildConfiguration;
			buildSettings = {
				ALWAYS_SEARCH_USER_PATHS = NO;
				CLANG_ANALYZER_NONNULL = YES;
				CLANG_ANALYZER_NUMBER_OBJECT_CONVERSION = YES_AGGRESSIVE;
				CLANG_CXX_LANGUAGE_STANDARD = "gnu++14";
				CLANG_CXX_LIBRARY = "libc++";
				CLANG_ENABLE_MODULES = YES;
				CLANG_ENABLE_OBJC_ARC = YES;
				CLANG_ENABLE_OBJC_WEAK = YES;
				CLANG_WARN_BLOCK_CAPTURE_AUTORELEASING = YES;
				CLANG_WARN_BOOL_CONVERSION = YES;
				CLANG_WARN_COMMA = YES;
				CLANG_WARN_CONSTANT_CONVERSION = YES;
				CLANG_WARN_DEPRECATED_OBJC_IMPLEMENTATIONS = YES;
				CLANG_WARN_DIRECT_OBJC_ISA_USAGE = YES_ERROR;
				CLANG_WARN_DOCUMENTATION_COMMENTS = YES;
				CLANG_WARN_EMPTY_BODY = YES;
				CLANG_WARN_ENUM_CONVERSION = YES;
				CLANG_WARN_INFINITE_RECURSION = YES;
				CLANG_WARN_INT_CONVERSION = YES;
				CLANG_WARN_NON_LITERAL_NULL_CONVERSION = YES;
				CLANG_WARN_OBJC_IMPLICIT_RETAIN_SELF = YES;
				CLANG_WARN_OBJC_LITERAL_CONVERSION = YES;
				CLANG_WARN_OBJC_ROOT_CLASS = YES_ERROR;
				CLANG_WARN_QUOTED_INCLUDE_IN_FRAMEWORK_HEADER = YES;
				CLANG_WARN_RANGE_LOOP_ANALYSIS = YES;
				CLANG_WARN_STRICT_PROTOTYPES = YES;
				CLANG_WARN_SUSPICIOUS_MOVE = YES;
				CLANG_WARN_UNGUARDED_AVAILABILITY = YES_AGGRESSIVE;
				CLANG_WARN_UNREACHABLE_CODE = YES;
				CLANG_WARN__DUPLICATE_METHOD_MATCH = YES;
				COPY_PHASE_STRIP = NO;
				DEBUG_INFORMATION_FORMAT = "dwarf-with-dsym";
				ENABLE_NS_ASSERTIONS = NO;
				ENABLE_STRICT_OBJC_MSGSEND = YES;
				GCC_C_LANGUAGE_STANDARD = gnu11;
				GCC_NO_COMMON_BLOCKS = YES;
				GCC_WARN_64_TO_32_BIT_CONVERSION = YES;
				GCC_WARN_ABOUT_RETURN_TYPE = YES_ERROR;
				GCC_WARN_UNDECLARED_SELECTOR = YES;
				GCC_WARN_UNINITIALIZED_AUTOS = YES_AGGRESSIVE;
				GCC_WARN_UNUSED_FUNCTION = YES;
				GCC_WARN_UNUSED_VARIABLE = YES;
				IPHONEOS_DEPLOYMENT_TARGET = 14.4;
				MTL_ENABLE_DEBUG_INFO = NO;
				MTL_FAST_MATH = YES;
				SDKROOT = iphoneos;
				SWIFT_COMPILATION_MODE = wholemodule;
				SWIFT_OPTIMIZATION_LEVEL = "-O";
				VALIDATE_PRODUCT = YES;
			};
			name = Release;
		};
		B37EE57125FC03C900C79013 /* Debug */ = {
			isa = XCBuildConfiguration;
			buildSettings = {
				ASSETCATALOG_COMPILER_APPICON_NAME = AppIcon;
				ASSETCATALOG_COMPILER_GLOBAL_ACCENT_COLOR_NAME = AccentColor;
				CODE_SIGN_STYLE = Automatic;
				INFOPLIST_FILE = "On The Map/Info.plist";
				LD_RUNPATH_SEARCH_PATHS = (
					"$(inherited)",
					"@executable_path/Frameworks",
				);
				PRODUCT_BUNDLE_IDENTIFIER = "com.jimmy.On-The-Map";
				PRODUCT_NAME = "$(TARGET_NAME)";
				SWIFT_VERSION = 5.0;
				TARGETED_DEVICE_FAMILY = "1,2";
			};
			name = Debug;
		};
		B37EE57225FC03C900C79013 /* Release */ = {
			isa = XCBuildConfiguration;
			buildSettings = {
				ASSETCATALOG_COMPILER_APPICON_NAME = AppIcon;
				ASSETCATALOG_COMPILER_GLOBAL_ACCENT_COLOR_NAME = AccentColor;
				CODE_SIGN_STYLE = Automatic;
				INFOPLIST_FILE = "On The Map/Info.plist";
				LD_RUNPATH_SEARCH_PATHS = (
					"$(inherited)",
					"@executable_path/Frameworks",
				);
				PRODUCT_BUNDLE_IDENTIFIER = "com.jimmy.On-The-Map";
				PRODUCT_NAME = "$(TARGET_NAME)";
				SWIFT_VERSION = 5.0;
				TARGETED_DEVICE_FAMILY = "1,2";
			};
			name = Release;
		};
/* End XCBuildConfiguration section */

/* Begin XCConfigurationList section */
		B37EE55725FC03C400C79013 /* Build configuration list for PBXProject "On The Map" */ = {
			isa = XCConfigurationList;
			buildConfigurations = (
				B37EE56E25FC03C900C79013 /* Debug */,
				B37EE56F25FC03C900C79013 /* Release */,
			);
			defaultConfigurationIsVisible = 0;
			defaultConfigurationName = Release;
		};
		B37EE57025FC03C900C79013 /* Build configuration list for PBXNativeTarget "On The Map" */ = {
			isa = XCConfigurationList;
			buildConfigurations = (
				B37EE57125FC03C900C79013 /* Debug */,
				B37EE57225FC03C900C79013 /* Release */,
			);
			defaultConfigurationIsVisible = 0;
			defaultConfigurationName = Release;
		};
/* End XCConfigurationList section */
	};
	rootObject = B37EE55425FC03C400C79013 /* Project object */;
}
